{
  "name": "ide-bash",
  "version": "1.0.10",
  "lockfileVersion": 1,
  "requires": true,
  "dependencies": {
    "@types/atom": {
      "version": "1.25.0",
      "resolved": "https://registry.npmjs.org/@types/atom/-/atom-1.25.0.tgz",
      "integrity": "sha512-na7epn9d48T+GmgEqAUBWHjzJXKPY7o70H8Tat9xhrHr7/7kx/+H5lS3elehC8PmKc523VDMcQBAQ0ZVuEA4TQ==",
      "requires": {
        "@types/node": "8.10.3"
      }
    },
    "@types/node": {
      "version": "8.10.3",
      "resolved": "https://registry.npmjs.org/@types/node/-/node-8.10.3.tgz",
      "integrity": "sha512-vjiRZkhKEyZndtFOz/FtIp0CqPbgOOki8o9IcPOLTqlzcnvFLToYdERshLaI6TCz7pDWoKlmvgftqB4xlltn9g=="
    },
    "atom-languageclient": {
      "version": "0.9.5",
      "resolved": "https://registry.npmjs.org/atom-languageclient/-/atom-languageclient-0.9.5.tgz",
      "integrity": "sha512-m69UBVbWlpWzGpbIdS5glP2H8iwPjGLHUjFBtCdLYQinRwZMPHYBfTgzf/ji2Dp27v9F9La3OIIr3mVxBcvOkA==",
      "requires": {
        "@types/atom": "1.25.0",
        "@types/node": "8.10.3",
        "fuzzaldrin-plus": "0.6.0",
        "vscode-jsonrpc": "3.6.1",
        "vscode-languageserver-protocol": "3.6.0-next.5",
        "vscode-languageserver-types": "3.7.1"
      }
    },
    "fuzzaldrin-plus": {
      "version": "0.6.0",
      "resolved": "https://registry.npmjs.org/fuzzaldrin-plus/-/fuzzaldrin-plus-0.6.0.tgz",
      "integrity": "sha1-gy9kifvodnaUWVmckUpnDsIpR+4="
    },
    "vscode-jsonrpc": {
      "version": "3.6.1",
      "resolved": "https://registry.npmjs.org/vscode-jsonrpc/-/vscode-jsonrpc-3.6.1.tgz",
      "integrity": "sha512-+Eb+Dxf2kC2h079msx61hkblxAKE0S2j78+8QpnigLAO2aIIjkCwTIH34etBrU8E8VItRinec7YEwULx9at5bQ=="
    },
    "vscode-languageserver-protocol": {
      "version": "3.6.0-next.5",
      "resolved": "https://registry.npmjs.org/vscode-languageserver-protocol/-/vscode-languageserver-protocol-3.6.0-next.5.tgz",
      "integrity": "sha512-pfu6A4VHDnLn+/UryZc0TKRUl63FdIFMTng27kOER1xk2yXDlqVenQX//8s1Veb0xVGATKITiFKIvUIl037mtg==",
      "requires": {
        "vscode-jsonrpc": "3.6.1",
        "vscode-languageserver-types": "3.7.1"
      }
    },
    "vscode-languageserver-types": {
      "version": "3.7.1",
      "resolved": "https://registry.npmjs.org/vscode-languageserver-types/-/vscode-languageserver-types-3.7.1.tgz",
      "integrity": "sha512-ftGfU79AnnI3OHCG7kzCCN47jNI7BjECPAH2yhddtYTiQk0bnFbuFeQKvpXQcyNI3GsKEx5b6kSiBYshTiep6w=="
    }
  }
}
